// !$*UTF8*$!
{
	archiveVersion = 1;
	classes = {
	};
	objectVersion = 51;
	objects = {

/* Begin PBXBuildFile section */
		04093C342554FDD8000822E3 /* AppDelegate.swift in Sources */ = {isa = PBXBuildFile; fileRef = 04093C332554FDD8000822E3 /* AppDelegate.swift */; };
		04093C362554FDD8000822E3 /* SceneDelegate.swift in Sources */ = {isa = PBXBuildFile; fileRef = 04093C352554FDD8000822E3 /* SceneDelegate.swift */; };
		04093C382554FDD8000822E3 /* ViewController.swift in Sources */ = {isa = PBXBuildFile; fileRef = 04093C372554FDD8000822E3 /* ViewController.swift */; };
		04093C3B2554FDD8000822E3 /* Main.storyboard in Resources */ = {isa = PBXBuildFile; fileRef = 04093C392554FDD8000822E3 /* Main.storyboard */; };
		04093C3D2554FDDB000822E3 /* Assets.xcassets in Resources */ = {isa = PBXBuildFile; fileRef = 04093C3C2554FDDB000822E3 /* Assets.xcassets */; };
		04093C402554FDDB000822E3 /* LaunchScreen.storyboard in Resources */ = {isa = PBXBuildFile; fileRef = 04093C3E2554FDDB000822E3 /* LaunchScreen.storyboard */; };
		04093C4B2554FDDB000822E3 /* InTimeTests.swift in Sources */ = {isa = PBXBuildFile; fileRef = 04093C4A2554FDDB000822E3 /* InTimeTests.swift */; };
		04093C5B2554FE4A000822E3 /* HomeViewController.swift in Sources */ = {isa = PBXBuildFile; fileRef = 04093C592554FE4A000822E3 /* HomeViewController.swift */; };
		04093C5C2554FE4A000822E3 /* HomeViewController.xib in Resources */ = {isa = PBXBuildFile; fileRef = 04093C5A2554FE4A000822E3 /* HomeViewController.xib */; };
		04093C602554FF23000822E3 /* TimeViewController.xib in Resources */ = {isa = PBXBuildFile; fileRef = 04093C5E2554FF23000822E3 /* TimeViewController.xib */; };
		04093C6A2555002E000822E3 /* Le_Freak.mp3 in Resources */ = {isa = PBXBuildFile; fileRef = 04093C622555002E000822E3 /* Le_Freak.mp3 */; };
		04093C6B2555002E000822E3 /* CommonFunction.swift in Sources */ = {isa = PBXBuildFile; fileRef = 04093C632555002E000822E3 /* CommonFunction.swift */; };
		04093C6C2555002E000822E3 /* BATabBarItem.swift in Sources */ = {isa = PBXBuildFile; fileRef = 04093C652555002E000822E3 /* BATabBarItem.swift */; };
		04093C6D2555002E000822E3 /* BATabBar.swift in Sources */ = {isa = PBXBuildFile; fileRef = 04093C662555002E000822E3 /* BATabBar.swift */; };
		04093C6E2555002E000822E3 /* BATabBarBadge.swift in Sources */ = {isa = PBXBuildFile; fileRef = 04093C672555002E000822E3 /* BATabBarBadge.swift */; };
		04093C6F2555002E000822E3 /* UIColor+ColorWithHex.swift in Sources */ = {isa = PBXBuildFile; fileRef = 04093C682555002E000822E3 /* UIColor+ColorWithHex.swift */; };
		04093C702555002E000822E3 /* BATabBarController.swift in Sources */ = {isa = PBXBuildFile; fileRef = 04093C692555002E000822E3 /* BATabBarController.swift */; };
		0443863B2574DBAC00E7F19A /* SettingViewController.swift in Sources */ = {isa = PBXBuildFile; fileRef = 0443863A2574DBAC00E7F19A /* SettingViewController.swift */; };
		0453E8882578EB1A005CBC8B /* GoogleService-Info.plist in Resources */ = {isa = PBXBuildFile; fileRef = 0453E8872578EB1A005CBC8B /* GoogleService-Info.plist */; };
		0487BB15255801FB00C8CCF7 /* TimeViewController.swift in Sources */ = {isa = PBXBuildFile; fileRef = 0487BB14255801FB00C8CCF7 /* TimeViewController.swift */; };
		0487BB18255805B600C8CCF7 /* MTDate+Extension.swift in Sources */ = {isa = PBXBuildFile; fileRef = 0487BB17255805B600C8CCF7 /* MTDate+Extension.swift */; };
		048E9E5425664C020027A290 /* TimerCircleView.swift in Sources */ = {isa = PBXBuildFile; fileRef = 048E9E5325664C020027A290 /* TimerCircleView.swift */; };
		04A15D352567C72C0039CADE /* MacroDefine.swift in Sources */ = {isa = PBXBuildFile; fileRef = 04A15D342567C72B0039CADE /* MacroDefine.swift */; };
		04B30B152580D57400B9F0D4 /* SetStartTimeViewController.swift in Sources */ = {isa = PBXBuildFile; fileRef = 04B30B132580D57400B9F0D4 /* SetStartTimeViewController.swift */; };
		04B30B162580D57400B9F0D4 /* SetStartTimeViewController.xib in Resources */ = {isa = PBXBuildFile; fileRef = 04B30B142580D57400B9F0D4 /* SetStartTimeViewController.xib */; };
		04B30B6A2580DBDE00B9F0D4 /* Array+Extensions.swift in Sources */ = {isa = PBXBuildFile; fileRef = 04B30B1B2580DBDE00B9F0D4 /* Array+Extensions.swift */; };
		04B30B6B2580DBDE00B9F0D4 /* UISegmentedControl+Extensions.swift in Sources */ = {isa = PBXBuildFile; fileRef = 04B30B1C2580DBDE00B9F0D4 /* UISegmentedControl+Extensions.swift */; };
		04B30B6C2580DBDE00B9F0D4 /* UIImageView+Extensions.swift in Sources */ = {isa = PBXBuildFile; fileRef = 04B30B1D2580DBDE00B9F0D4 /* UIImageView+Extensions.swift */; };
		04B30B6D2580DBDE00B9F0D4 /* UIViewController+Extensions.swift in Sources */ = {isa = PBXBuildFile; fileRef = 04B30B1E2580DBDE00B9F0D4 /* UIViewController+Extensions.swift */; };
		04B30B6E2580DBDE00B9F0D4 /* UIView+Extensions.swift in Sources */ = {isa = PBXBuildFile; fileRef = 04B30B1F2580DBDE00B9F0D4 /* UIView+Extensions.swift */; };
		04B30B6F2580DBDE00B9F0D4 /* Date+Extension.swift in Sources */ = {isa = PBXBuildFile; fileRef = 04B30B202580DBDE00B9F0D4 /* Date+Extension.swift */; };
		04B30B702580DBDE00B9F0D4 /* String+Extensions.swift in Sources */ = {isa = PBXBuildFile; fileRef = 04B30B212580DBDE00B9F0D4 /* String+Extensions.swift */; };
		04B30B712580DBDE00B9F0D4 /* UITextView+Extensions.swift in Sources */ = {isa = PBXBuildFile; fileRef = 04B30B222580DBDE00B9F0D4 /* UITextView+Extensions.swift */; };
		04B30B722580DBDE00B9F0D4 /* UIColor+Extensions.swift in Sources */ = {isa = PBXBuildFile; fileRef = 04B30B232580DBDE00B9F0D4 /* UIColor+Extensions.swift */; };
		04B30B732580DBDE00B9F0D4 /* UIImage+Extensions.swift in Sources */ = {isa = PBXBuildFile; fileRef = 04B30B242580DBDE00B9F0D4 /* UIImage+Extensions.swift */; };
		04B30B742580DBDE00B9F0D4 /* UISearchBar+Extensions.swift in Sources */ = {isa = PBXBuildFile; fileRef = 04B30B252580DBDE00B9F0D4 /* UISearchBar+Extensions.swift */; };
		04B30B752580DBDE00B9F0D4 /* UIApplication+Extensions.swift in Sources */ = {isa = PBXBuildFile; fileRef = 04B30B262580DBDE00B9F0D4 /* UIApplication+Extensions.swift */; };
		04B30B762580DBDE00B9F0D4 /* UIAlertController+Extensions.swift in Sources */ = {isa = PBXBuildFile; fileRef = 04B30B272580DBDE00B9F0D4 /* UIAlertController+Extensions.swift */; };
		04B30B772580DBDE00B9F0D4 /* Optional+Extensions.swift in Sources */ = {isa = PBXBuildFile; fileRef = 04B30B282580DBDE00B9F0D4 /* Optional+Extensions.swift */; };
		04B30B782580DBDE00B9F0D4 /* Common+Extensions.swift in Sources */ = {isa = PBXBuildFile; fileRef = 04B30B292580DBDE00B9F0D4 /* Common+Extensions.swift */; };
		04B30B792580DBDE00B9F0D4 /* Locale+Extensions.swift in Sources */ = {isa = PBXBuildFile; fileRef = 04B30B2A2580DBDE00B9F0D4 /* Locale+Extensions.swift */; };
		04B30B7A2580DBDE00B9F0D4 /* UITextField+Extensions.swift in Sources */ = {isa = PBXBuildFile; fileRef = 04B30B2B2580DBDE00B9F0D4 /* UITextField+Extensions.swift */; };
		04B30B7B2580DBDE00B9F0D4 /* AttributedTextBlock.swift in Sources */ = {isa = PBXBuildFile; fileRef = 04B30B2E2580DBDE00B9F0D4 /* AttributedTextBlock.swift */; };
		04B30B7C2580DBDE00B9F0D4 /* TextViewController.swift in Sources */ = {isa = PBXBuildFile; fileRef = 04B30B2F2580DBDE00B9F0D4 /* TextViewController.swift */; };
		04B30B7D2580DBDE00B9F0D4 /* Countries.bundle in Resources */ = {isa = PBXBuildFile; fileRef = 04B30B322580DBDE00B9F0D4 /* Countries.bundle */; };
		04B30B7E2580DBDE00B9F0D4 /* LocaleStore.swift in Sources */ = {isa = PBXBuildFile; fileRef = 04B30B342580DBDE00B9F0D4 /* LocaleStore.swift */; };
		04B30B7F2580DBDE00B9F0D4 /* LocaleInfo.swift in Sources */ = {isa = PBXBuildFile; fileRef = 04B30B362580DBDE00B9F0D4 /* LocaleInfo.swift */; };
		04B30B802580DBDE00B9F0D4 /* LocalePickerViewController.swift in Sources */ = {isa = PBXBuildFile; fileRef = 04B30B372580DBDE00B9F0D4 /* LocalePickerViewController.swift */; };
		04B30B812580DBDE00B9F0D4 /* PhoneCodeCell.swift in Sources */ = {isa = PBXBuildFile; fileRef = 04B30B392580DBDE00B9F0D4 /* PhoneCodeCell.swift */; };
		04B30B822580DBDE00B9F0D4 /* CurrencyCell.swift in Sources */ = {isa = PBXBuildFile; fileRef = 04B30B3A2580DBDE00B9F0D4 /* CurrencyCell.swift */; };
		04B30B832580DBDE00B9F0D4 /* CountryCell.swift in Sources */ = {isa = PBXBuildFile; fileRef = 04B30B3B2580DBDE00B9F0D4 /* CountryCell.swift */; };
		04B30B842580DBDE00B9F0D4 /* TwoTextFieldsViewController.swift in Sources */ = {isa = PBXBuildFile; fileRef = 04B30B3D2580DBDE00B9F0D4 /* TwoTextFieldsViewController.swift */; };
		04B30B852580DBDE00B9F0D4 /* OneTextFieldViewController.swift in Sources */ = {isa = PBXBuildFile; fileRef = 04B30B3E2580DBDE00B9F0D4 /* OneTextFieldViewController.swift */; };
		04B30B862580DBDE00B9F0D4 /* Assets.swift in Sources */ = {isa = PBXBuildFile; fileRef = 04B30B412580DBDE00B9F0D4 /* Assets.swift */; };
		04B30B872580DBDE00B9F0D4 /* PhotoLibraryPickerViewController.swift in Sources */ = {isa = PBXBuildFile; fileRef = 04B30B422580DBDE00B9F0D4 /* PhotoLibraryPickerViewController.swift */; };
		04B30B882580DBDE00B9F0D4 /* LocationSearchResultsViewController.swift in Sources */ = {isa = PBXBuildFile; fileRef = 04B30B442580DBDE00B9F0D4 /* LocationSearchResultsViewController.swift */; };
		04B30B892580DBDE00B9F0D4 /* LocationPickerViewController.swift in Sources */ = {isa = PBXBuildFile; fileRef = 04B30B452580DBDE00B9F0D4 /* LocationPickerViewController.swift */; };
		04B30B8A2580DBDE00B9F0D4 /* SearchHistoryManager.swift in Sources */ = {isa = PBXBuildFile; fileRef = 04B30B472580DBDE00B9F0D4 /* SearchHistoryManager.swift */; };
		04B30B8B2580DBDE00B9F0D4 /* Location.swift in Sources */ = {isa = PBXBuildFile; fileRef = 04B30B492580DBDE00B9F0D4 /* Location.swift */; };
		04B30B8C2580DBDE00B9F0D4 /* Address.swift in Sources */ = {isa = PBXBuildFile; fileRef = 04B30B4A2580DBDE00B9F0D4 /* Address.swift */; };
		04B30B8D2580DBDE00B9F0D4 /* PickerViewViewController.swift in Sources */ = {isa = PBXBuildFile; fileRef = 04B30B4C2580DBDE00B9F0D4 /* PickerViewViewController.swift */; };
		04B30B8E2580DBDE00B9F0D4 /* ContactsPickerViewController.swift in Sources */ = {isa = PBXBuildFile; fileRef = 04B30B4E2580DBDE00B9F0D4 /* ContactsPickerViewController.swift */; };
		04B30B8F2580DBDE00B9F0D4 /* Contacts.swift in Sources */ = {isa = PBXBuildFile; fileRef = 04B30B502580DBDE00B9F0D4 /* Contacts.swift */; };
		04B30B902580DBDE00B9F0D4 /* Contact.swift in Sources */ = {isa = PBXBuildFile; fileRef = 04B30B522580DBDE00B9F0D4 /* Contact.swift */; };
		04B30B912580DBDE00B9F0D4 /* ContactCell.swift in Sources */ = {isa = PBXBuildFile; fileRef = 04B30B542580DBDE00B9F0D4 /* ContactCell.swift */; };
		04B30B922580DBDE00B9F0D4 /* ColorPickerViewController.swift in Sources */ = {isa = PBXBuildFile; fileRef = 04B30B562580DBDE00B9F0D4 /* ColorPickerViewController.swift */; };
		04B30B932580DBDE00B9F0D4 /* DatePickerViewController.swift in Sources */ = {isa = PBXBuildFile; fileRef = 04B30B582580DBDE00B9F0D4 /* DatePickerViewController.swift */; };
		04B30B942580DBDE00B9F0D4 /* ImagePickerViewController.swift in Sources */ = {isa = PBXBuildFile; fileRef = 04B30B5A2580DBDE00B9F0D4 /* ImagePickerViewController.swift */; };
		04B30B952580DBDE00B9F0D4 /* ItemWithImage.swift in Sources */ = {isa = PBXBuildFile; fileRef = 04B30B5C2580DBDE00B9F0D4 /* ItemWithImage.swift */; };
		04B30B962580DBDE00B9F0D4 /* PhotoLayout.swift in Sources */ = {isa = PBXBuildFile; fileRef = 04B30B5F2580DBDE00B9F0D4 /* PhotoLayout.swift */; };
		04B30B972580DBDE00B9F0D4 /* TelegramPickerViewController.swift in Sources */ = {isa = PBXBuildFile; fileRef = 04B30B602580DBDE00B9F0D4 /* TelegramPickerViewController.swift */; };
		04B30B982580DBDE00B9F0D4 /* ItemWithPhoto.swift in Sources */ = {isa = PBXBuildFile; fileRef = 04B30B622580DBDE00B9F0D4 /* ItemWithPhoto.swift */; };
		04B30B992580DBDE00B9F0D4 /* LikeButtonCell.swift in Sources */ = {isa = PBXBuildFile; fileRef = 04B30B632580DBDE00B9F0D4 /* LikeButtonCell.swift */; };
		04B30B9A2580DBDE00B9F0D4 /* Label.swift in Sources */ = {isa = PBXBuildFile; fileRef = 04B30B652580DBDE00B9F0D4 /* Label.swift */; };
		04B30B9B2580DBDE00B9F0D4 /* SegmentedControl.swift in Sources */ = {isa = PBXBuildFile; fileRef = 04B30B662580DBDE00B9F0D4 /* SegmentedControl.swift */; };
		04B30B9C2580DBDE00B9F0D4 /* GradientSlider.swift in Sources */ = {isa = PBXBuildFile; fileRef = 04B30B672580DBDE00B9F0D4 /* GradientSlider.swift */; };
		04B30B9D2580DBDE00B9F0D4 /* TextField.swift in Sources */ = {isa = PBXBuildFile; fileRef = 04B30B682580DBDE00B9F0D4 /* TextField.swift */; };
		04B30B9E2580DBDE00B9F0D4 /* Button.swift in Sources */ = {isa = PBXBuildFile; fileRef = 04B30B692580DBDE00B9F0D4 /* Button.swift */; };
		04C01917256B5F380021535B /* RxTablePracticeViewController.swift in Sources */ = {isa = PBXBuildFile; fileRef = 04C01916256B5F380021535B /* RxTablePracticeViewController.swift */; };
		04D441EE25835CCD002B30FD /* NSNotification+Extension.swift in Sources */ = {isa = PBXBuildFile; fileRef = 04D441ED25835CCC002B30FD /* NSNotification+Extension.swift */; };
		04D441F225835E38002B30FD /* UserDefaults+Extension.swift in Sources */ = {isa = PBXBuildFile; fileRef = 04D441F125835E38002B30FD /* UserDefaults+Extension.swift */; };
		04D441F625836298002B30FD /* VibrationTool.swift in Sources */ = {isa = PBXBuildFile; fileRef = 04D441F525836298002B30FD /* VibrationTool.swift */; };
		04D441FB258739CB002B30FD /* AboutMeViewController.swift in Sources */ = {isa = PBXBuildFile; fileRef = 04D441F9258739CB002B30FD /* AboutMeViewController.swift */; };
		04D441FC258739CC002B30FD /* AboutMeViewController.xib in Resources */ = {isa = PBXBuildFile; fileRef = 04D441FA258739CB002B30FD /* AboutMeViewController.xib */; };
		7A1CD04D49C42716AA74D99C /* Pods_InTimeTests.framework in Frameworks */ = {isa = PBXBuildFile; fileRef = 69FFAD07518A8EA166EEF42B /* Pods_InTimeTests.framework */; };
		BE6E07D2A45BAFAC5F3B5CDB /* Pods_InTime.framework in Frameworks */ = {isa = PBXBuildFile; fileRef = 42C80191C8CE14D15AFAC41F /* Pods_InTime.framework */; };
/* End PBXBuildFile section */

/* Begin PBXContainerItemProxy section */
		04093C472554FDDB000822E3 /* PBXContainerItemProxy */ = {
			isa = PBXContainerItemProxy;
			containerPortal = 04093C282554FDD8000822E3 /* Project object */;
			proxyType = 1;
			remoteGlobalIDString = 04093C2F2554FDD8000822E3;
			remoteInfo = InTime;
		};
/* End PBXContainerItemProxy section */

/* Begin PBXFileReference section */
		04093C302554FDD8000822E3 /* InTime.app */ = {isa = PBXFileReference; explicitFileType = wrapper.application; includeInIndex = 0; path = InTime.app; sourceTree = BUILT_PRODUCTS_DIR; };
		04093C332554FDD8000822E3 /* AppDelegate.swift */ = {isa = PBXFileReference; lastKnownFileType = sourcecode.swift; path = AppDelegate.swift; sourceTree = "<group>"; };
		04093C352554FDD8000822E3 /* SceneDelegate.swift */ = {isa = PBXFileReference; lastKnownFileType = sourcecode.swift; path = SceneDelegate.swift; sourceTree = "<group>"; };
		04093C372554FDD8000822E3 /* ViewController.swift */ = {isa = PBXFileReference; lastKnownFileType = sourcecode.swift; path = ViewController.swift; sourceTree = "<group>"; };
		04093C3A2554FDD8000822E3 /* Base */ = {isa = PBXFileReference; lastKnownFileType = file.storyboard; name = Base; path = Base.lproj/Main.storyboard; sourceTree = "<group>"; };
		04093C3C2554FDDB000822E3 /* Assets.xcassets */ = {isa = PBXFileReference; lastKnownFileType = folder.assetcatalog; path = Assets.xcassets; sourceTree = "<group>"; };
		04093C3F2554FDDB000822E3 /* Base */ = {isa = PBXFileReference; lastKnownFileType = file.storyboard; name = Base; path = Base.lproj/LaunchScreen.storyboard; sourceTree = "<group>"; };
		04093C412554FDDB000822E3 /* Info.plist */ = {isa = PBXFileReference; lastKnownFileType = text.plist.xml; path = Info.plist; sourceTree = "<group>"; };
		04093C462554FDDB000822E3 /* InTimeTests.xctest */ = {isa = PBXFileReference; explicitFileType = wrapper.cfbundle; includeInIndex = 0; path = InTimeTests.xctest; sourceTree = BUILT_PRODUCTS_DIR; };
		04093C4A2554FDDB000822E3 /* InTimeTests.swift */ = {isa = PBXFileReference; lastKnownFileType = sourcecode.swift; path = InTimeTests.swift; sourceTree = "<group>"; };
		04093C4C2554FDDB000822E3 /* Info.plist */ = {isa = PBXFileReference; lastKnownFileType = text.plist.xml; path = Info.plist; sourceTree = "<group>"; };
		04093C592554FE4A000822E3 /* HomeViewController.swift */ = {isa = PBXFileReference; lastKnownFileType = sourcecode.swift; path = HomeViewController.swift; sourceTree = "<group>"; };
		04093C5A2554FE4A000822E3 /* HomeViewController.xib */ = {isa = PBXFileReference; lastKnownFileType = file.xib; path = HomeViewController.xib; sourceTree = "<group>"; };
		04093C5E2554FF23000822E3 /* TimeViewController.xib */ = {isa = PBXFileReference; lastKnownFileType = file.xib; path = TimeViewController.xib; sourceTree = "<group>"; };
		04093C622555002E000822E3 /* Le_Freak.mp3 */ = {isa = PBXFileReference; lastKnownFileType = audio.mp3; path = Le_Freak.mp3; sourceTree = "<group>"; };
		04093C632555002E000822E3 /* CommonFunction.swift */ = {isa = PBXFileReference; fileEncoding = 4; lastKnownFileType = sourcecode.swift; path = CommonFunction.swift; sourceTree = "<group>"; };
		04093C652555002E000822E3 /* BATabBarItem.swift */ = {isa = PBXFileReference; fileEncoding = 4; lastKnownFileType = sourcecode.swift; path = BATabBarItem.swift; sourceTree = "<group>"; };
		04093C662555002E000822E3 /* BATabBar.swift */ = {isa = PBXFileReference; fileEncoding = 4; lastKnownFileType = sourcecode.swift; path = BATabBar.swift; sourceTree = "<group>"; };
		04093C672555002E000822E3 /* BATabBarBadge.swift */ = {isa = PBXFileReference; fileEncoding = 4; lastKnownFileType = sourcecode.swift; path = BATabBarBadge.swift; sourceTree = "<group>"; };
		04093C682555002E000822E3 /* UIColor+ColorWithHex.swift */ = {isa = PBXFileReference; fileEncoding = 4; lastKnownFileType = sourcecode.swift; path = "UIColor+ColorWithHex.swift"; sourceTree = "<group>"; };
		04093C692555002E000822E3 /* BATabBarController.swift */ = {isa = PBXFileReference; fileEncoding = 4; lastKnownFileType = sourcecode.swift; path = BATabBarController.swift; sourceTree = "<group>"; };
		0443863A2574DBAC00E7F19A /* SettingViewController.swift */ = {isa = PBXFileReference; lastKnownFileType = sourcecode.swift; path = SettingViewController.swift; sourceTree = "<group>"; };
		0453E8872578EB1A005CBC8B /* GoogleService-Info.plist */ = {isa = PBXFileReference; fileEncoding = 4; lastKnownFileType = text.plist.xml; path = "GoogleService-Info.plist"; sourceTree = "<group>"; };
		0487BB14255801FB00C8CCF7 /* TimeViewController.swift */ = {isa = PBXFileReference; fileEncoding = 4; lastKnownFileType = sourcecode.swift; path = TimeViewController.swift; sourceTree = "<group>"; };
		0487BB17255805B600C8CCF7 /* MTDate+Extension.swift */ = {isa = PBXFileReference; fileEncoding = 4; lastKnownFileType = sourcecode.swift; path = "MTDate+Extension.swift"; sourceTree = "<group>"; };
		048E9E5325664C020027A290 /* TimerCircleView.swift */ = {isa = PBXFileReference; lastKnownFileType = sourcecode.swift; path = TimerCircleView.swift; sourceTree = "<group>"; };
		04A15D342567C72B0039CADE /* MacroDefine.swift */ = {isa = PBXFileReference; lastKnownFileType = sourcecode.swift; path = MacroDefine.swift; sourceTree = "<group>"; };
		04B30B132580D57400B9F0D4 /* SetStartTimeViewController.swift */ = {isa = PBXFileReference; lastKnownFileType = sourcecode.swift; path = SetStartTimeViewController.swift; sourceTree = "<group>"; };
		04B30B142580D57400B9F0D4 /* SetStartTimeViewController.xib */ = {isa = PBXFileReference; lastKnownFileType = file.xib; path = SetStartTimeViewController.xib; sourceTree = "<group>"; };
		04B30B1B2580DBDE00B9F0D4 /* Array+Extensions.swift */ = {isa = PBXFileReference; fileEncoding = 4; lastKnownFileType = sourcecode.swift; path = "Array+Extensions.swift"; sourceTree = "<group>"; };
		04B30B1C2580DBDE00B9F0D4 /* UISegmentedControl+Extensions.swift */ = {isa = PBXFileReference; fileEncoding = 4; lastKnownFileType = sourcecode.swift; path = "UISegmentedControl+Extensions.swift"; sourceTree = "<group>"; };
		04B30B1D2580DBDE00B9F0D4 /* UIImageView+Extensions.swift */ = {isa = PBXFileReference; fileEncoding = 4; lastKnownFileType = sourcecode.swift; path = "UIImageView+Extensions.swift"; sourceTree = "<group>"; };
		04B30B1E2580DBDE00B9F0D4 /* UIViewController+Extensions.swift */ = {isa = PBXFileReference; fileEncoding = 4; lastKnownFileType = sourcecode.swift; path = "UIViewController+Extensions.swift"; sourceTree = "<group>"; };
		04B30B1F2580DBDE00B9F0D4 /* UIView+Extensions.swift */ = {isa = PBXFileReference; fileEncoding = 4; lastKnownFileType = sourcecode.swift; path = "UIView+Extensions.swift"; sourceTree = "<group>"; };
		04B30B202580DBDE00B9F0D4 /* Date+Extension.swift */ = {isa = PBXFileReference; fileEncoding = 4; lastKnownFileType = sourcecode.swift; path = "Date+Extension.swift"; sourceTree = "<group>"; };
		04B30B212580DBDE00B9F0D4 /* String+Extensions.swift */ = {isa = PBXFileReference; fileEncoding = 4; lastKnownFileType = sourcecode.swift; path = "String+Extensions.swift"; sourceTree = "<group>"; };
		04B30B222580DBDE00B9F0D4 /* UITextView+Extensions.swift */ = {isa = PBXFileReference; fileEncoding = 4; lastKnownFileType = sourcecode.swift; path = "UITextView+Extensions.swift"; sourceTree = "<group>"; };
		04B30B232580DBDE00B9F0D4 /* UIColor+Extensions.swift */ = {isa = PBXFileReference; fileEncoding = 4; lastKnownFileType = sourcecode.swift; path = "UIColor+Extensions.swift"; sourceTree = "<group>"; };
		04B30B242580DBDE00B9F0D4 /* UIImage+Extensions.swift */ = {isa = PBXFileReference; fileEncoding = 4; lastKnownFileType = sourcecode.swift; path = "UIImage+Extensions.swift"; sourceTree = "<group>"; };
		04B30B252580DBDE00B9F0D4 /* UISearchBar+Extensions.swift */ = {isa = PBXFileReference; fileEncoding = 4; lastKnownFileType = sourcecode.swift; path = "UISearchBar+Extensions.swift"; sourceTree = "<group>"; };
		04B30B262580DBDE00B9F0D4 /* UIApplication+Extensions.swift */ = {isa = PBXFileReference; fileEncoding = 4; lastKnownFileType = sourcecode.swift; path = "UIApplication+Extensions.swift"; sourceTree = "<group>"; };
		04B30B272580DBDE00B9F0D4 /* UIAlertController+Extensions.swift */ = {isa = PBXFileReference; fileEncoding = 4; lastKnownFileType = sourcecode.swift; path = "UIAlertController+Extensions.swift"; sourceTree = "<group>"; };
		04B30B282580DBDE00B9F0D4 /* Optional+Extensions.swift */ = {isa = PBXFileReference; fileEncoding = 4; lastKnownFileType = sourcecode.swift; path = "Optional+Extensions.swift"; sourceTree = "<group>"; };
		04B30B292580DBDE00B9F0D4 /* Common+Extensions.swift */ = {isa = PBXFileReference; fileEncoding = 4; lastKnownFileType = sourcecode.swift; path = "Common+Extensions.swift"; sourceTree = "<group>"; };
		04B30B2A2580DBDE00B9F0D4 /* Locale+Extensions.swift */ = {isa = PBXFileReference; fileEncoding = 4; lastKnownFileType = sourcecode.swift; path = "Locale+Extensions.swift"; sourceTree = "<group>"; };
		04B30B2B2580DBDE00B9F0D4 /* UITextField+Extensions.swift */ = {isa = PBXFileReference; fileEncoding = 4; lastKnownFileType = sourcecode.swift; path = "UITextField+Extensions.swift"; sourceTree = "<group>"; };
		04B30B2E2580DBDE00B9F0D4 /* AttributedTextBlock.swift */ = {isa = PBXFileReference; fileEncoding = 4; lastKnownFileType = sourcecode.swift; path = AttributedTextBlock.swift; sourceTree = "<group>"; };
		04B30B2F2580DBDE00B9F0D4 /* TextViewController.swift */ = {isa = PBXFileReference; fileEncoding = 4; lastKnownFileType = sourcecode.swift; path = TextViewController.swift; sourceTree = "<group>"; };
		04B30B322580DBDE00B9F0D4 /* Countries.bundle */ = {isa = PBXFileReference; lastKnownFileType = "wrapper.plug-in"; path = Countries.bundle; sourceTree = "<group>"; };
		04B30B342580DBDE00B9F0D4 /* LocaleStore.swift */ = {isa = PBXFileReference; fileEncoding = 4; lastKnownFileType = sourcecode.swift; path = LocaleStore.swift; sourceTree = "<group>"; };
		04B30B362580DBDE00B9F0D4 /* LocaleInfo.swift */ = {isa = PBXFileReference; fileEncoding = 4; lastKnownFileType = sourcecode.swift; path = LocaleInfo.swift; sourceTree = "<group>"; };
		04B30B372580DBDE00B9F0D4 /* LocalePickerViewController.swift */ = {isa = PBXFileReference; fileEncoding = 4; lastKnownFileType = sourcecode.swift; path = LocalePickerViewController.swift; sourceTree = "<group>"; };
		04B30B392580DBDE00B9F0D4 /* PhoneCodeCell.swift */ = {isa = PBXFileReference; fileEncoding = 4; lastKnownFileType = sourcecode.swift; path = PhoneCodeCell.swift; sourceTree = "<group>"; };
		04B30B3A2580DBDE00B9F0D4 /* CurrencyCell.swift */ = {isa = PBXFileReference; fileEncoding = 4; lastKnownFileType = sourcecode.swift; path = CurrencyCell.swift; sourceTree = "<group>"; };
		04B30B3B2580DBDE00B9F0D4 /* CountryCell.swift */ = {isa = PBXFileReference; fileEncoding = 4; lastKnownFileType = sourcecode.swift; path = CountryCell.swift; sourceTree = "<group>"; };
		04B30B3D2580DBDE00B9F0D4 /* TwoTextFieldsViewController.swift */ = {isa = PBXFileReference; fileEncoding = 4; lastKnownFileType = sourcecode.swift; path = TwoTextFieldsViewController.swift; sourceTree = "<group>"; };
		04B30B3E2580DBDE00B9F0D4 /* OneTextFieldViewController.swift */ = {isa = PBXFileReference; fileEncoding = 4; lastKnownFileType = sourcecode.swift; path = OneTextFieldViewController.swift; sourceTree = "<group>"; };
		04B30B412580DBDE00B9F0D4 /* Assets.swift */ = {isa = PBXFileReference; fileEncoding = 4; lastKnownFileType = sourcecode.swift; path = Assets.swift; sourceTree = "<group>"; };
		04B30B422580DBDE00B9F0D4 /* PhotoLibraryPickerViewController.swift */ = {isa = PBXFileReference; fileEncoding = 4; lastKnownFileType = sourcecode.swift; path = PhotoLibraryPickerViewController.swift; sourceTree = "<group>"; };
		04B30B442580DBDE00B9F0D4 /* LocationSearchResultsViewController.swift */ = {isa = PBXFileReference; fileEncoding = 4; lastKnownFileType = sourcecode.swift; path = LocationSearchResultsViewController.swift; sourceTree = "<group>"; };
		04B30B452580DBDE00B9F0D4 /* LocationPickerViewController.swift */ = {isa = PBXFileReference; fileEncoding = 4; lastKnownFileType = sourcecode.swift; path = LocationPickerViewController.swift; sourceTree = "<group>"; };
		04B30B472580DBDE00B9F0D4 /* SearchHistoryManager.swift */ = {isa = PBXFileReference; fileEncoding = 4; lastKnownFileType = sourcecode.swift; path = SearchHistoryManager.swift; sourceTree = "<group>"; };
		04B30B492580DBDE00B9F0D4 /* Location.swift */ = {isa = PBXFileReference; fileEncoding = 4; lastKnownFileType = sourcecode.swift; path = Location.swift; sourceTree = "<group>"; };
		04B30B4A2580DBDE00B9F0D4 /* Address.swift */ = {isa = PBXFileReference; fileEncoding = 4; lastKnownFileType = sourcecode.swift; path = Address.swift; sourceTree = "<group>"; };
		04B30B4C2580DBDE00B9F0D4 /* PickerViewViewController.swift */ = {isa = PBXFileReference; fileEncoding = 4; lastKnownFileType = sourcecode.swift; path = PickerViewViewController.swift; sourceTree = "<group>"; };
		04B30B4E2580DBDE00B9F0D4 /* ContactsPickerViewController.swift */ = {isa = PBXFileReference; fileEncoding = 4; lastKnownFileType = sourcecode.swift; path = ContactsPickerViewController.swift; sourceTree = "<group>"; };
		04B30B502580DBDE00B9F0D4 /* Contacts.swift */ = {isa = PBXFileReference; fileEncoding = 4; lastKnownFileType = sourcecode.swift; path = Contacts.swift; sourceTree = "<group>"; };
		04B30B522580DBDE00B9F0D4 /* Contact.swift */ = {isa = PBXFileReference; fileEncoding = 4; lastKnownFileType = sourcecode.swift; path = Contact.swift; sourceTree = "<group>"; };
		04B30B542580DBDE00B9F0D4 /* ContactCell.swift */ = {isa = PBXFileReference; fileEncoding = 4; lastKnownFileType = sourcecode.swift; path = ContactCell.swift; sourceTree = "<group>"; };
		04B30B562580DBDE00B9F0D4 /* ColorPickerViewController.swift */ = {isa = PBXFileReference; fileEncoding = 4; lastKnownFileType = sourcecode.swift; path = ColorPickerViewController.swift; sourceTree = "<group>"; };
		04B30B582580DBDE00B9F0D4 /* DatePickerViewController.swift */ = {isa = PBXFileReference; fileEncoding = 4; lastKnownFileType = sourcecode.swift; path = DatePickerViewController.swift; sourceTree = "<group>"; };
		04B30B5A2580DBDE00B9F0D4 /* ImagePickerViewController.swift */ = {isa = PBXFileReference; fileEncoding = 4; lastKnownFileType = sourcecode.swift; path = ImagePickerViewController.swift; sourceTree = "<group>"; };
		04B30B5C2580DBDE00B9F0D4 /* ItemWithImage.swift */ = {isa = PBXFileReference; fileEncoding = 4; lastKnownFileType = sourcecode.swift; path = ItemWithImage.swift; sourceTree = "<group>"; };
		04B30B5F2580DBDE00B9F0D4 /* PhotoLayout.swift */ = {isa = PBXFileReference; fileEncoding = 4; lastKnownFileType = sourcecode.swift; path = PhotoLayout.swift; sourceTree = "<group>"; };
		04B30B602580DBDE00B9F0D4 /* TelegramPickerViewController.swift */ = {isa = PBXFileReference; fileEncoding = 4; lastKnownFileType = sourcecode.swift; path = TelegramPickerViewController.swift; sourceTree = "<group>"; };
		04B30B622580DBDE00B9F0D4 /* ItemWithPhoto.swift */ = {isa = PBXFileReference; fileEncoding = 4; lastKnownFileType = sourcecode.swift; path = ItemWithPhoto.swift; sourceTree = "<group>"; };
		04B30B632580DBDE00B9F0D4 /* LikeButtonCell.swift */ = {isa = PBXFileReference; fileEncoding = 4; lastKnownFileType = sourcecode.swift; path = LikeButtonCell.swift; sourceTree = "<group>"; };
		04B30B652580DBDE00B9F0D4 /* Label.swift */ = {isa = PBXFileReference; fileEncoding = 4; lastKnownFileType = sourcecode.swift; path = Label.swift; sourceTree = "<group>"; };
		04B30B662580DBDE00B9F0D4 /* SegmentedControl.swift */ = {isa = PBXFileReference; fileEncoding = 4; lastKnownFileType = sourcecode.swift; path = SegmentedControl.swift; sourceTree = "<group>"; };
		04B30B672580DBDE00B9F0D4 /* GradientSlider.swift */ = {isa = PBXFileReference; fileEncoding = 4; lastKnownFileType = sourcecode.swift; path = GradientSlider.swift; sourceTree = "<group>"; };
		04B30B682580DBDE00B9F0D4 /* TextField.swift */ = {isa = PBXFileReference; fileEncoding = 4; lastKnownFileType = sourcecode.swift; path = TextField.swift; sourceTree = "<group>"; };
		04B30B692580DBDE00B9F0D4 /* Button.swift */ = {isa = PBXFileReference; fileEncoding = 4; lastKnownFileType = sourcecode.swift; path = Button.swift; sourceTree = "<group>"; };
		04C01916256B5F380021535B /* RxTablePracticeViewController.swift */ = {isa = PBXFileReference; fileEncoding = 4; lastKnownFileType = sourcecode.swift; path = RxTablePracticeViewController.swift; sourceTree = "<group>"; };
		04D441ED25835CCC002B30FD /* NSNotification+Extension.swift */ = {isa = PBXFileReference; lastKnownFileType = sourcecode.swift; path = "NSNotification+Extension.swift"; sourceTree = "<group>"; };
		04D441F125835E38002B30FD /* UserDefaults+Extension.swift */ = {isa = PBXFileReference; lastKnownFileType = sourcecode.swift; path = "UserDefaults+Extension.swift"; sourceTree = "<group>"; };
		04D441F525836298002B30FD /* VibrationTool.swift */ = {isa = PBXFileReference; lastKnownFileType = sourcecode.swift; path = VibrationTool.swift; sourceTree = "<group>"; };
		04D441F9258739CB002B30FD /* AboutMeViewController.swift */ = {isa = PBXFileReference; lastKnownFileType = sourcecode.swift; path = AboutMeViewController.swift; sourceTree = "<group>"; };
		04D441FA258739CB002B30FD /* AboutMeViewController.xib */ = {isa = PBXFileReference; lastKnownFileType = file.xib; path = AboutMeViewController.xib; sourceTree = "<group>"; };
		3F8E3E010272193390AAA4FC /* Pods-InTime.release.xcconfig */ = {isa = PBXFileReference; includeInIndex = 1; lastKnownFileType = text.xcconfig; name = "Pods-InTime.release.xcconfig"; path = "Target Support Files/Pods-InTime/Pods-InTime.release.xcconfig"; sourceTree = "<group>"; };
		42C80191C8CE14D15AFAC41F /* Pods_InTime.framework */ = {isa = PBXFileReference; explicitFileType = wrapper.framework; includeInIndex = 0; path = Pods_InTime.framework; sourceTree = BUILT_PRODUCTS_DIR; };
		682C69E21DCD58552E872A36 /* Pods-InTime.debug.xcconfig */ = {isa = PBXFileReference; includeInIndex = 1; lastKnownFileType = text.xcconfig; name = "Pods-InTime.debug.xcconfig"; path = "Target Support Files/Pods-InTime/Pods-InTime.debug.xcconfig"; sourceTree = "<group>"; };
		69FFAD07518A8EA166EEF42B /* Pods_InTimeTests.framework */ = {isa = PBXFileReference; explicitFileType = wrapper.framework; includeInIndex = 0; path = Pods_InTimeTests.framework; sourceTree = BUILT_PRODUCTS_DIR; };
		72DB27520113A9CC602D1CAF /* Pods-InTimeTests.debug.xcconfig */ = {isa = PBXFileReference; includeInIndex = 1; lastKnownFileType = text.xcconfig; name = "Pods-InTimeTests.debug.xcconfig"; path = "Target Support Files/Pods-InTimeTests/Pods-InTimeTests.debug.xcconfig"; sourceTree = "<group>"; };
		ABEC78FC7637710AFB497A22 /* Pods-InTimeTests.release.xcconfig */ = {isa = PBXFileReference; includeInIndex = 1; lastKnownFileType = text.xcconfig; name = "Pods-InTimeTests.release.xcconfig"; path = "Target Support Files/Pods-InTimeTests/Pods-InTimeTests.release.xcconfig"; sourceTree = "<group>"; };
/* End PBXFileReference section */

/* Begin PBXFrameworksBuildPhase section */
		04093C2D2554FDD8000822E3 /* Frameworks */ = {
			isa = PBXFrameworksBuildPhase;
			buildActionMask = 2147483647;
			files = (
				BE6E07D2A45BAFAC5F3B5CDB /* Pods_InTime.framework in Frameworks */,
			);
			runOnlyForDeploymentPostprocessing = 0;
		};
		04093C432554FDDB000822E3 /* Frameworks */ = {
			isa = PBXFrameworksBuildPhase;
			buildActionMask = 2147483647;
			files = (
				7A1CD04D49C42716AA74D99C /* Pods_InTimeTests.framework in Frameworks */,
			);
			runOnlyForDeploymentPostprocessing = 0;
		};
/* End PBXFrameworksBuildPhase section */

/* Begin PBXGroup section */
		04093C272554FDD8000822E3 = {
			isa = PBXGroup;
			children = (
				04093C322554FDD8000822E3 /* InTime */,
				04093C492554FDDB000822E3 /* InTimeTests */,
				04093C312554FDD8000822E3 /* Products */,
				A73E1752D78CAEFC7FB9C51C /* Pods */,
				EC1112E68D234614BC4B6DCF /* Frameworks */,
			);
			sourceTree = "<group>";
		};
		04093C312554FDD8000822E3 /* Products */ = {
			isa = PBXGroup;
			children = (
				04093C302554FDD8000822E3 /* InTime.app */,
				04093C462554FDDB000822E3 /* InTimeTests.xctest */,
			);
			name = Products;
			sourceTree = "<group>";
		};
		04093C322554FDD8000822E3 /* InTime */ = {
			isa = PBXGroup;
			children = (
				0453E8862578EB0A005CBC8B /* Google */,
				04C01915256B5F150021535B /* Rx */,
				047281C02565245300D961F3 /* System */,
				0487BB102557FEBC00C8CCF7 /* Time */,
				044386392574DB7B00E7F19A /* Setting */,
				04093C332554FDD8000822E3 /* AppDelegate.swift */,
				04093C352554FDD8000822E3 /* SceneDelegate.swift */,
				04093C592554FE4A000822E3 /* HomeViewController.swift */,
				04093C5A2554FE4A000822E3 /* HomeViewController.xib */,
				04093C3C2554FDDB000822E3 /* Assets.xcassets */,
				04093C412554FDDB000822E3 /* Info.plist */,
				0428396C2566259600244071 /* TemplateFile */,
				04093C612555002E000822E3 /* SupportingFile */,
			);
			path = InTime;
			sourceTree = "<group>";
		};
		04093C492554FDDB000822E3 /* InTimeTests */ = {
			isa = PBXGroup;
			children = (
				04093C4A2554FDDB000822E3 /* InTimeTests.swift */,
				04093C4C2554FDDB000822E3 /* Info.plist */,
			);
			path = InTimeTests;
			sourceTree = "<group>";
		};
		04093C612555002E000822E3 /* SupportingFile */ = {
			isa = PBXGroup;
			children = (
				04B30B192580DBDE00B9F0D4 /* AlertsPickers */,
				04093C642555002E000822E3 /* BATabBarController */,
				04093C622555002E000822E3 /* Le_Freak.mp3 */,
				04093C632555002E000822E3 /* CommonFunction.swift */,
			);
			path = SupportingFile;
			sourceTree = "<group>";
		};
		04093C642555002E000822E3 /* BATabBarController */ = {
			isa = PBXGroup;
			children = (
				04093C652555002E000822E3 /* BATabBarItem.swift */,
				04093C662555002E000822E3 /* BATabBar.swift */,
				04093C672555002E000822E3 /* BATabBarBadge.swift */,
				04093C682555002E000822E3 /* UIColor+ColorWithHex.swift */,
				04093C692555002E000822E3 /* BATabBarController.swift */,
			);
			path = BATabBarController;
			sourceTree = "<group>";
		};
		0428396C2566259600244071 /* TemplateFile */ = {
			isa = PBXGroup;
			children = (
				04093C3E2554FDDB000822E3 /* LaunchScreen.storyboard */,
				04093C372554FDD8000822E3 /* ViewController.swift */,
				04093C392554FDD8000822E3 /* Main.storyboard */,
			);
			path = TemplateFile;
			sourceTree = "<group>";
		};
		044386382574D92600E7F19A /* Define */ = {
			isa = PBXGroup;
			children = (
				04A15D342567C72B0039CADE /* MacroDefine.swift */,
			);
			path = Define;
			sourceTree = "<group>";
		};
		044386392574DB7B00E7F19A /* Setting */ = {
			isa = PBXGroup;
			children = (
				0443863A2574DBAC00E7F19A /* SettingViewController.swift */,
				04B30B132580D57400B9F0D4 /* SetStartTimeViewController.swift */,
				04B30B142580D57400B9F0D4 /* SetStartTimeViewController.xib */,
				04D441F9258739CB002B30FD /* AboutMeViewController.swift */,
				04D441FA258739CB002B30FD /* AboutMeViewController.xib */,
			);
			path = Setting;
			sourceTree = "<group>";
		};
		0453E8862578EB0A005CBC8B /* Google */ = {
			isa = PBXGroup;
			children = (
				0453E8872578EB1A005CBC8B /* GoogleService-Info.plist */,
			);
			path = Google;
			sourceTree = "<group>";
		};
		047281C02565245300D961F3 /* System */ = {
			isa = PBXGroup;
			children = (
				044386382574D92600E7F19A /* Define */,
				0487BB16255805B600C8CCF7 /* Extension */,
			);
			path = System;
			sourceTree = "<group>";
		};
		0487BB102557FEBC00C8CCF7 /* Time */ = {
			isa = PBXGroup;
			children = (
				0487BB14255801FB00C8CCF7 /* TimeViewController.swift */,
				04093C5E2554FF23000822E3 /* TimeViewController.xib */,
				048E9E5325664C020027A290 /* TimerCircleView.swift */,
			);
			path = Time;
			sourceTree = "<group>";
		};
		0487BB16255805B600C8CCF7 /* Extension */ = {
			isa = PBXGroup;
			children = (
				0487BB17255805B600C8CCF7 /* MTDate+Extension.swift */,
				04D441ED25835CCC002B30FD /* NSNotification+Extension.swift */,
				04D441F125835E38002B30FD /* UserDefaults+Extension.swift */,
				04D441F525836298002B30FD /* VibrationTool.swift */,
			);
			path = Extension;
			sourceTree = "<group>";
		};
		04B30B192580DBDE00B9F0D4 /* AlertsPickers */ = {
			isa = PBXGroup;
			children = (
				04B30B1A2580DBDE00B9F0D4 /* Extensions */,
				04B30B2C2580DBDE00B9F0D4 /* Viewers */,
				04B30B302580DBDE00B9F0D4 /* Pickers */,
				04B30B642580DBDE00B9F0D4 /* Views */,
			);
			path = AlertsPickers;
			sourceTree = "<group>";
		};
		04B30B1A2580DBDE00B9F0D4 /* Extensions */ = {
			isa = PBXGroup;
			children = (
				04B30B1B2580DBDE00B9F0D4 /* Array+Extensions.swift */,
				04B30B1C2580DBDE00B9F0D4 /* UISegmentedControl+Extensions.swift */,
				04B30B1D2580DBDE00B9F0D4 /* UIImageView+Extensions.swift */,
				04B30B1E2580DBDE00B9F0D4 /* UIViewController+Extensions.swift */,
				04B30B1F2580DBDE00B9F0D4 /* UIView+Extensions.swift */,
				04B30B202580DBDE00B9F0D4 /* Date+Extension.swift */,
				04B30B212580DBDE00B9F0D4 /* String+Extensions.swift */,
				04B30B222580DBDE00B9F0D4 /* UITextView+Extensions.swift */,
				04B30B232580DBDE00B9F0D4 /* UIColor+Extensions.swift */,
				04B30B242580DBDE00B9F0D4 /* UIImage+Extensions.swift */,
				04B30B252580DBDE00B9F0D4 /* UISearchBar+Extensions.swift */,
				04B30B262580DBDE00B9F0D4 /* UIApplication+Extensions.swift */,
				04B30B272580DBDE00B9F0D4 /* UIAlertController+Extensions.swift */,
				04B30B282580DBDE00B9F0D4 /* Optional+Extensions.swift */,
				04B30B292580DBDE00B9F0D4 /* Common+Extensions.swift */,
				04B30B2A2580DBDE00B9F0D4 /* Locale+Extensions.swift */,
				04B30B2B2580DBDE00B9F0D4 /* UITextField+Extensions.swift */,
			);
			path = Extensions;
			sourceTree = "<group>";
		};
		04B30B2C2580DBDE00B9F0D4 /* Viewers */ = {
			isa = PBXGroup;
			children = (
				04B30B2D2580DBDE00B9F0D4 /* Models */,
				04B30B2F2580DBDE00B9F0D4 /* TextViewController.swift */,
			);
			path = Viewers;
			sourceTree = "<group>";
		};
		04B30B2D2580DBDE00B9F0D4 /* Models */ = {
			isa = PBXGroup;
			children = (
				04B30B2E2580DBDE00B9F0D4 /* AttributedTextBlock.swift */,
			);
			path = Models;
			sourceTree = "<group>";
		};
		04B30B302580DBDE00B9F0D4 /* Pickers */ = {
			isa = PBXGroup;
			children = (
				04B30B312580DBDE00B9F0D4 /* Locale */,
				04B30B3C2580DBDE00B9F0D4 /* TextFields */,
				04B30B3F2580DBDE00B9F0D4 /* PhotoLibrary */,
				04B30B432580DBDE00B9F0D4 /* Location */,
				04B30B4B2580DBDE00B9F0D4 /* PickerView */,
				04B30B4D2580DBDE00B9F0D4 /* Contacts */,
				04B30B552580DBDE00B9F0D4 /* Color */,
				04B30B572580DBDE00B9F0D4 /* Date */,
				04B30B592580DBDE00B9F0D4 /* Image */,
				04B30B5D2580DBDE00B9F0D4 /* Telegram */,
			);
			path = Pickers;
			sourceTree = "<group>";
		};
		04B30B312580DBDE00B9F0D4 /* Locale */ = {
			isa = PBXGroup;
			children = (
				04B30B322580DBDE00B9F0D4 /* Countries.bundle */,
				04B30B332580DBDE00B9F0D4 /* Managers */,
				04B30B352580DBDE00B9F0D4 /* Models */,
				04B30B372580DBDE00B9F0D4 /* LocalePickerViewController.swift */,
				04B30B382580DBDE00B9F0D4 /* Views */,
			);
			path = Locale;
			sourceTree = "<group>";
		};
		04B30B332580DBDE00B9F0D4 /* Managers */ = {
			isa = PBXGroup;
			children = (
				04B30B342580DBDE00B9F0D4 /* LocaleStore.swift */,
			);
			path = Managers;
			sourceTree = "<group>";
		};
		04B30B352580DBDE00B9F0D4 /* Models */ = {
			isa = PBXGroup;
			children = (
				04B30B362580DBDE00B9F0D4 /* LocaleInfo.swift */,
			);
			path = Models;
			sourceTree = "<group>";
		};
		04B30B382580DBDE00B9F0D4 /* Views */ = {
			isa = PBXGroup;
			children = (
				04B30B392580DBDE00B9F0D4 /* PhoneCodeCell.swift */,
				04B30B3A2580DBDE00B9F0D4 /* CurrencyCell.swift */,
				04B30B3B2580DBDE00B9F0D4 /* CountryCell.swift */,
			);
			path = Views;
			sourceTree = "<group>";
		};
		04B30B3C2580DBDE00B9F0D4 /* TextFields */ = {
			isa = PBXGroup;
			children = (
				04B30B3D2580DBDE00B9F0D4 /* TwoTextFieldsViewController.swift */,
				04B30B3E2580DBDE00B9F0D4 /* OneTextFieldViewController.swift */,
			);
			path = TextFields;
			sourceTree = "<group>";
		};
		04B30B3F2580DBDE00B9F0D4 /* PhotoLibrary */ = {
			isa = PBXGroup;
			children = (
				04B30B402580DBDE00B9F0D4 /* Managers */,
				04B30B422580DBDE00B9F0D4 /* PhotoLibraryPickerViewController.swift */,
			);
			path = PhotoLibrary;
			sourceTree = "<group>";
		};
		04B30B402580DBDE00B9F0D4 /* Managers */ = {
			isa = PBXGroup;
			children = (
				04B30B412580DBDE00B9F0D4 /* Assets.swift */,
			);
			path = Managers;
			sourceTree = "<group>";
		};
		04B30B432580DBDE00B9F0D4 /* Location */ = {
			isa = PBXGroup;
			children = (
				04B30B442580DBDE00B9F0D4 /* LocationSearchResultsViewController.swift */,
				04B30B452580DBDE00B9F0D4 /* LocationPickerViewController.swift */,
				04B30B462580DBDE00B9F0D4 /* Managers */,
				04B30B482580DBDE00B9F0D4 /* Models */,
			);
			path = Location;
			sourceTree = "<group>";
		};
		04B30B462580DBDE00B9F0D4 /* Managers */ = {
			isa = PBXGroup;
			children = (
				04B30B472580DBDE00B9F0D4 /* SearchHistoryManager.swift */,
			);
			path = Managers;
			sourceTree = "<group>";
		};
		04B30B482580DBDE00B9F0D4 /* Models */ = {
			isa = PBXGroup;
			children = (
				04B30B492580DBDE00B9F0D4 /* Location.swift */,
				04B30B4A2580DBDE00B9F0D4 /* Address.swift */,
			);
			path = Models;
			sourceTree = "<group>";
		};
		04B30B4B2580DBDE00B9F0D4 /* PickerView */ = {
			isa = PBXGroup;
			children = (
				04B30B4C2580DBDE00B9F0D4 /* PickerViewViewController.swift */,
			);
			path = PickerView;
			sourceTree = "<group>";
		};
		04B30B4D2580DBDE00B9F0D4 /* Contacts */ = {
			isa = PBXGroup;
			children = (
				04B30B4E2580DBDE00B9F0D4 /* ContactsPickerViewController.swift */,
				04B30B4F2580DBDE00B9F0D4 /* Managers */,
				04B30B512580DBDE00B9F0D4 /* Models */,
				04B30B532580DBDE00B9F0D4 /* Views */,
			);
			path = Contacts;
			sourceTree = "<group>";
		};
		04B30B4F2580DBDE00B9F0D4 /* Managers */ = {
			isa = PBXGroup;
			children = (
				04B30B502580DBDE00B9F0D4 /* Contacts.swift */,
			);
			path = Managers;
			sourceTree = "<group>";
		};
		04B30B512580DBDE00B9F0D4 /* Models */ = {
			isa = PBXGroup;
			children = (
				04B30B522580DBDE00B9F0D4 /* Contact.swift */,
			);
			path = Models;
			sourceTree = "<group>";
		};
		04B30B532580DBDE00B9F0D4 /* Views */ = {
			isa = PBXGroup;
			children = (
				04B30B542580DBDE00B9F0D4 /* ContactCell.swift */,
			);
			path = Views;
			sourceTree = "<group>";
		};
		04B30B552580DBDE00B9F0D4 /* Color */ = {
			isa = PBXGroup;
			children = (
				04B30B562580DBDE00B9F0D4 /* ColorPickerViewController.swift */,
			);
			path = Color;
			sourceTree = "<group>";
		};
		04B30B572580DBDE00B9F0D4 /* Date */ = {
			isa = PBXGroup;
			children = (
				04B30B582580DBDE00B9F0D4 /* DatePickerViewController.swift */,
			);
			path = Date;
			sourceTree = "<group>";
		};
		04B30B592580DBDE00B9F0D4 /* Image */ = {
			isa = PBXGroup;
			children = (
				04B30B5A2580DBDE00B9F0D4 /* ImagePickerViewController.swift */,
				04B30B5B2580DBDE00B9F0D4 /* Views */,
			);
			path = Image;
			sourceTree = "<group>";
		};
		04B30B5B2580DBDE00B9F0D4 /* Views */ = {
			isa = PBXGroup;
			children = (
				04B30B5C2580DBDE00B9F0D4 /* ItemWithImage.swift */,
			);
			path = Views;
			sourceTree = "<group>";
		};
		04B30B5D2580DBDE00B9F0D4 /* Telegram */ = {
			isa = PBXGroup;
			children = (
				04B30B5E2580DBDE00B9F0D4 /* Layouts */,
				04B30B602580DBDE00B9F0D4 /* TelegramPickerViewController.swift */,
				04B30B612580DBDE00B9F0D4 /* Views */,
			);
			path = Telegram;
			sourceTree = "<group>";
		};
		04B30B5E2580DBDE00B9F0D4 /* Layouts */ = {
			isa = PBXGroup;
			children = (
				04B30B5F2580DBDE00B9F0D4 /* PhotoLayout.swift */,
			);
			path = Layouts;
			sourceTree = "<group>";
		};
		04B30B612580DBDE00B9F0D4 /* Views */ = {
			isa = PBXGroup;
			children = (
				04B30B622580DBDE00B9F0D4 /* ItemWithPhoto.swift */,
				04B30B632580DBDE00B9F0D4 /* LikeButtonCell.swift */,
			);
			path = Views;
			sourceTree = "<group>";
		};
		04B30B642580DBDE00B9F0D4 /* Views */ = {
			isa = PBXGroup;
			children = (
				04B30B652580DBDE00B9F0D4 /* Label.swift */,
				04B30B662580DBDE00B9F0D4 /* SegmentedControl.swift */,
				04B30B672580DBDE00B9F0D4 /* GradientSlider.swift */,
				04B30B682580DBDE00B9F0D4 /* TextField.swift */,
				04B30B692580DBDE00B9F0D4 /* Button.swift */,
			);
			path = Views;
			sourceTree = "<group>";
		};
		04C01915256B5F150021535B /* Rx */ = {
			isa = PBXGroup;
			children = (
				04C01916256B5F380021535B /* RxTablePracticeViewController.swift */,
			);
			path = Rx;
			sourceTree = "<group>";
		};
		A73E1752D78CAEFC7FB9C51C /* Pods */ = {
			isa = PBXGroup;
			children = (
				682C69E21DCD58552E872A36 /* Pods-InTime.debug.xcconfig */,
				3F8E3E010272193390AAA4FC /* Pods-InTime.release.xcconfig */,
				72DB27520113A9CC602D1CAF /* Pods-InTimeTests.debug.xcconfig */,
				ABEC78FC7637710AFB497A22 /* Pods-InTimeTests.release.xcconfig */,
			);
			path = Pods;
			sourceTree = "<group>";
		};
		EC1112E68D234614BC4B6DCF /* Frameworks */ = {
			isa = PBXGroup;
			children = (
				42C80191C8CE14D15AFAC41F /* Pods_InTime.framework */,
				69FFAD07518A8EA166EEF42B /* Pods_InTimeTests.framework */,
			);
			name = Frameworks;
			sourceTree = "<group>";
		};
/* End PBXGroup section */

/* Begin PBXNativeTarget section */
		04093C2F2554FDD8000822E3 /* InTime */ = {
			isa = PBXNativeTarget;
			buildConfigurationList = 04093C4F2554FDDB000822E3 /* Build configuration list for PBXNativeTarget "InTime" */;
			buildPhases = (
				2D6C7B5F85D7BBEB75105EAD /* [CP] Check Pods Manifest.lock */,
				04093C2C2554FDD8000822E3 /* Sources */,
				04093C2D2554FDD8000822E3 /* Frameworks */,
				04093C2E2554FDD8000822E3 /* Resources */,
				5850BDF0E30DCD00903D13CB /* [CP] Embed Pods Frameworks */,
			);
			buildRules = (
			);
			dependencies = (
			);
			name = InTime;
			productName = InTime;
			productReference = 04093C302554FDD8000822E3 /* InTime.app */;
			productType = "com.apple.product-type.application";
		};
		04093C452554FDDB000822E3 /* InTimeTests */ = {
			isa = PBXNativeTarget;
			buildConfigurationList = 04093C522554FDDB000822E3 /* Build configuration list for PBXNativeTarget "InTimeTests" */;
			buildPhases = (
				F6CF0E3F1FF19C8269DE4D12 /* [CP] Check Pods Manifest.lock */,
				04093C422554FDDB000822E3 /* Sources */,
				04093C432554FDDB000822E3 /* Frameworks */,
				04093C442554FDDB000822E3 /* Resources */,
			);
			buildRules = (
			);
			dependencies = (
				04093C482554FDDB000822E3 /* PBXTargetDependency */,
			);
			name = InTimeTests;
			productName = InTimeTests;
			productReference = 04093C462554FDDB000822E3 /* InTimeTests.xctest */;
			productType = "com.apple.product-type.bundle.unit-test";
		};
/* End PBXNativeTarget section */

/* Begin PBXProject section */
		04093C282554FDD8000822E3 /* Project object */ = {
			isa = PBXProject;
			attributes = {
				LastSwiftUpdateCheck = 1130;
				LastUpgradeCheck = 1130;
				ORGANIZATIONNAME = Martin;
				TargetAttributes = {
					04093C2F2554FDD8000822E3 = {
						CreatedOnToolsVersion = 11.3.1;
					};
					04093C452554FDDB000822E3 = {
						CreatedOnToolsVersion = 11.3.1;
						TestTargetID = 04093C2F2554FDD8000822E3;
					};
				};
			};
			buildConfigurationList = 04093C2B2554FDD8000822E3 /* Build configuration list for PBXProject "InTime" */;
			compatibilityVersion = "Xcode 9.3";
			developmentRegion = en;
			hasScannedForEncodings = 0;
			knownRegions = (
				en,
				Base,
			);
			mainGroup = 04093C272554FDD8000822E3;
			productRefGroup = 04093C312554FDD8000822E3 /* Products */;
			projectDirPath = "";
			projectRoot = "";
			targets = (
				04093C2F2554FDD8000822E3 /* InTime */,
				04093C452554FDDB000822E3 /* InTimeTests */,
			);
		};
/* End PBXProject section */

/* Begin PBXResourcesBuildPhase section */
		04093C2E2554FDD8000822E3 /* Resources */ = {
			isa = PBXResourcesBuildPhase;
			buildActionMask = 2147483647;
			files = (
				04093C402554FDDB000822E3 /* LaunchScreen.storyboard in Resources */,
				04093C6A2555002E000822E3 /* Le_Freak.mp3 in Resources */,
				04093C3D2554FDDB000822E3 /* Assets.xcassets in Resources */,
				04093C602554FF23000822E3 /* TimeViewController.xib in Resources */,
				04093C3B2554FDD8000822E3 /* Main.storyboard in Resources */,
				04093C5C2554FE4A000822E3 /* HomeViewController.xib in Resources */,
				0453E8882578EB1A005CBC8B /* GoogleService-Info.plist in Resources */,
				04B30B7D2580DBDE00B9F0D4 /* Countries.bundle in Resources */,
				04D441FC258739CC002B30FD /* AboutMeViewController.xib in Resources */,
				04B30B162580D57400B9F0D4 /* SetStartTimeViewController.xib in Resources */,
			);
			runOnlyForDeploymentPostprocessing = 0;
		};
		04093C442554FDDB000822E3 /* Resources */ = {
			isa = PBXResourcesBuildPhase;
			buildActionMask = 2147483647;
			files = (
			);
			runOnlyForDeploymentPostprocessing = 0;
		};
/* End PBXResourcesBuildPhase section */

/* Begin PBXShellScriptBuildPhase section */
		2D6C7B5F85D7BBEB75105EAD /* [CP] Check Pods Manifest.lock */ = {
			isa = PBXShellScriptBuildPhase;
			buildActionMask = 2147483647;
			files = (
			);
			inputFileListPaths = (
			);
			inputPaths = (
				"${PODS_PODFILE_DIR_PATH}/Podfile.lock",
				"${PODS_ROOT}/Manifest.lock",
			);
			name = "[CP] Check Pods Manifest.lock";
			outputFileListPaths = (
			);
			outputPaths = (
				"$(DERIVED_FILE_DIR)/Pods-InTime-checkManifestLockResult.txt",
			);
			runOnlyForDeploymentPostprocessing = 0;
			shellPath = /bin/sh;
			shellScript = "diff \"${PODS_PODFILE_DIR_PATH}/Podfile.lock\" \"${PODS_ROOT}/Manifest.lock\" > /dev/null\nif [ $? != 0 ] ; then\n    # print error to STDERR\n    echo \"error: The sandbox is not in sync with the Podfile.lock. Run 'pod install' or update your CocoaPods installation.\" >&2\n    exit 1\nfi\n# This output is used by Xcode 'outputs' to avoid re-running this script phase.\necho \"SUCCESS\" > \"${SCRIPT_OUTPUT_FILE_0}\"\n";
			showEnvVarsInLog = 0;
		};
		5850BDF0E30DCD00903D13CB /* [CP] Embed Pods Frameworks */ = {
			isa = PBXShellScriptBuildPhase;
			buildActionMask = 2147483647;
			files = (
			);
			inputFileListPaths = (
				"${PODS_ROOT}/Target Support Files/Pods-InTime/Pods-InTime-frameworks-${CONFIGURATION}-input-files.xcfilelist",
			);
			name = "[CP] Embed Pods Frameworks";
			outputFileListPaths = (
				"${PODS_ROOT}/Target Support Files/Pods-InTime/Pods-InTime-frameworks-${CONFIGURATION}-output-files.xcfilelist",
			);
			runOnlyForDeploymentPostprocessing = 0;
			shellPath = /bin/sh;
			shellScript = "\"${PODS_ROOT}/Target Support Files/Pods-InTime/Pods-InTime-frameworks.sh\"\n";
			showEnvVarsInLog = 0;
		};
		F6CF0E3F1FF19C8269DE4D12 /* [CP] Check Pods Manifest.lock */ = {
			isa = PBXShellScriptBuildPhase;
			buildActionMask = 2147483647;
			files = (
			);
			inputFileListPaths = (
			);
			inputPaths = (
				"${PODS_PODFILE_DIR_PATH}/Podfile.lock",
				"${PODS_ROOT}/Manifest.lock",
			);
			name = "[CP] Check Pods Manifest.lock";
			outputFileListPaths = (
			);
			outputPaths = (
				"$(DERIVED_FILE_DIR)/Pods-InTimeTests-checkManifestLockResult.txt",
			);
			runOnlyForDeploymentPostprocessing = 0;
			shellPath = /bin/sh;
			shellScript = "diff \"${PODS_PODFILE_DIR_PATH}/Podfile.lock\" \"${PODS_ROOT}/Manifest.lock\" > /dev/null\nif [ $? != 0 ] ; then\n    # print error to STDERR\n    echo \"error: The sandbox is not in sync with the Podfile.lock. Run 'pod install' or update your CocoaPods installation.\" >&2\n    exit 1\nfi\n# This output is used by Xcode 'outputs' to avoid re-running this script phase.\necho \"SUCCESS\" > \"${SCRIPT_OUTPUT_FILE_0}\"\n";
			showEnvVarsInLog = 0;
		};
/* End PBXShellScriptBuildPhase section */

/* Begin PBXSourcesBuildPhase section */
		04093C2C2554FDD8000822E3 /* Sources */ = {
			isa = PBXSourcesBuildPhase;
			buildActionMask = 2147483647;
			files = (
				04093C6D2555002E000822E3 /* BATabBar.swift in Sources */,
				04B30B9E2580DBDE00B9F0D4 /* Button.swift in Sources */,
				04B30B6A2580DBDE00B9F0D4 /* Array+Extensions.swift in Sources */,
				04B30B8F2580DBDE00B9F0D4 /* Contacts.swift in Sources */,
				04B30B7E2580DBDE00B9F0D4 /* LocaleStore.swift in Sources */,
				04B30B812580DBDE00B9F0D4 /* PhoneCodeCell.swift in Sources */,
				0487BB18255805B600C8CCF7 /* MTDate+Extension.swift in Sources */,
				04B30B872580DBDE00B9F0D4 /* PhotoLibraryPickerViewController.swift in Sources */,
				04B30B7A2580DBDE00B9F0D4 /* UITextField+Extensions.swift in Sources */,
				04B30B8E2580DBDE00B9F0D4 /* ContactsPickerViewController.swift in Sources */,
				04B30B962580DBDE00B9F0D4 /* PhotoLayout.swift in Sources */,
				04B30B802580DBDE00B9F0D4 /* LocalePickerViewController.swift in Sources */,
				04B30B742580DBDE00B9F0D4 /* UISearchBar+Extensions.swift in Sources */,
				04B30B982580DBDE00B9F0D4 /* ItemWithPhoto.swift in Sources */,
				04B30B8D2580DBDE00B9F0D4 /* PickerViewViewController.swift in Sources */,
				04D441F225835E38002B30FD /* UserDefaults+Extension.swift in Sources */,
				04B30B862580DBDE00B9F0D4 /* Assets.swift in Sources */,
				04B30B772580DBDE00B9F0D4 /* Optional+Extensions.swift in Sources */,
				04B30B722580DBDE00B9F0D4 /* UIColor+Extensions.swift in Sources */,
				04B30B8C2580DBDE00B9F0D4 /* Address.swift in Sources */,
				04B30B9A2580DBDE00B9F0D4 /* Label.swift in Sources */,
				04093C382554FDD8000822E3 /* ViewController.swift in Sources */,
				04D441EE25835CCD002B30FD /* NSNotification+Extension.swift in Sources */,
				04B30B902580DBDE00B9F0D4 /* Contact.swift in Sources */,
				04B30B702580DBDE00B9F0D4 /* String+Extensions.swift in Sources */,
				04B30B792580DBDE00B9F0D4 /* Locale+Extensions.swift in Sources */,
				04B30B9D2580DBDE00B9F0D4 /* TextField.swift in Sources */,
				0443863B2574DBAC00E7F19A /* SettingViewController.swift in Sources */,
				04B30B882580DBDE00B9F0D4 /* LocationSearchResultsViewController.swift in Sources */,
				04B30B6B2580DBDE00B9F0D4 /* UISegmentedControl+Extensions.swift in Sources */,
				04B30B6F2580DBDE00B9F0D4 /* Date+Extension.swift in Sources */,
				04B30B762580DBDE00B9F0D4 /* UIAlertController+Extensions.swift in Sources */,
				04B30B152580D57400B9F0D4 /* SetStartTimeViewController.swift in Sources */,
				04B30B822580DBDE00B9F0D4 /* CurrencyCell.swift in Sources */,
				04093C6E2555002E000822E3 /* BATabBarBadge.swift in Sources */,
				04B30B832580DBDE00B9F0D4 /* CountryCell.swift in Sources */,
				04D441FB258739CB002B30FD /* AboutMeViewController.swift in Sources */,
				04B30B7B2580DBDE00B9F0D4 /* AttributedTextBlock.swift in Sources */,
				04093C342554FDD8000822E3 /* AppDelegate.swift in Sources */,
				04B30B712580DBDE00B9F0D4 /* UITextView+Extensions.swift in Sources */,
				04B30B942580DBDE00B9F0D4 /* ImagePickerViewController.swift in Sources */,
				04B30B922580DBDE00B9F0D4 /* ColorPickerViewController.swift in Sources */,
				04093C362554FDD8000822E3 /* SceneDelegate.swift in Sources */,
				04B30B6E2580DBDE00B9F0D4 /* UIView+Extensions.swift in Sources */,
				04B30B752580DBDE00B9F0D4 /* UIApplication+Extensions.swift in Sources */,
				04B30B932580DBDE00B9F0D4 /* DatePickerViewController.swift in Sources */,
				04B30B7F2580DBDE00B9F0D4 /* LocaleInfo.swift in Sources */,
				04B30B892580DBDE00B9F0D4 /* LocationPickerViewController.swift in Sources */,
				04B30B8B2580DBDE00B9F0D4 /* Location.swift in Sources */,
				04B30B6D2580DBDE00B9F0D4 /* UIViewController+Extensions.swift in Sources */,
				04B30B7C2580DBDE00B9F0D4 /* TextViewController.swift in Sources */,
				04B30B9B2580DBDE00B9F0D4 /* SegmentedControl.swift in Sources */,
				04B30B912580DBDE00B9F0D4 /* ContactCell.swift in Sources */,
				04B30B952580DBDE00B9F0D4 /* ItemWithImage.swift in Sources */,
				04B30B842580DBDE00B9F0D4 /* TwoTextFieldsViewController.swift in Sources */,
				04B30B992580DBDE00B9F0D4 /* LikeButtonCell.swift in Sources */,
				04B30B6C2580DBDE00B9F0D4 /* UIImageView+Extensions.swift in Sources */,
				048E9E5425664C020027A290 /* TimerCircleView.swift in Sources */,
				04B30B972580DBDE00B9F0D4 /* TelegramPickerViewController.swift in Sources */,
				04D441F625836298002B30FD /* VibrationTool.swift in Sources */,
				04B30B782580DBDE00B9F0D4 /* Common+Extensions.swift in Sources */,
				04B30B852580DBDE00B9F0D4 /* OneTextFieldViewController.swift in Sources */,
				0487BB15255801FB00C8CCF7 /* TimeViewController.swift in Sources */,
				04B30B8A2580DBDE00B9F0D4 /* SearchHistoryManager.swift in Sources */,
				04B30B9C2580DBDE00B9F0D4 /* GradientSlider.swift in Sources */,
				04093C6B2555002E000822E3 /* CommonFunction.swift in Sources */,
				04093C6F2555002E000822E3 /* UIColor+ColorWithHex.swift in Sources */,
				04C01917256B5F380021535B /* RxTablePracticeViewController.swift in Sources */,
				04093C5B2554FE4A000822E3 /* HomeViewController.swift in Sources */,
				04093C702555002E000822E3 /* BATabBarController.swift in Sources */,
				04B30B732580DBDE00B9F0D4 /* UIImage+Extensions.swift in Sources */,
				04093C6C2555002E000822E3 /* BATabBarItem.swift in Sources */,
				04A15D352567C72C0039CADE /* MacroDefine.swift in Sources */,
			);
			runOnlyForDeploymentPostprocessing = 0;
		};
		04093C422554FDDB000822E3 /* Sources */ = {
			isa = PBXSourcesBuildPhase;
			buildActionMask = 2147483647;
			files = (
				04093C4B2554FDDB000822E3 /* InTimeTests.swift in Sources */,
			);
			runOnlyForDeploymentPostprocessing = 0;
		};
/* End PBXSourcesBuildPhase section */

/* Begin PBXTargetDependency section */
		04093C482554FDDB000822E3 /* PBXTargetDependency */ = {
			isa = PBXTargetDependency;
			target = 04093C2F2554FDD8000822E3 /* InTime */;
			targetProxy = 04093C472554FDDB000822E3 /* PBXContainerItemProxy */;
		};
/* End PBXTargetDependency section */

/* Begin PBXVariantGroup section */
		04093C392554FDD8000822E3 /* Main.storyboard */ = {
			isa = PBXVariantGroup;
			children = (
				04093C3A2554FDD8000822E3 /* Base */,
			);
			name = Main.storyboard;
			sourceTree = "<group>";
		};
		04093C3E2554FDDB000822E3 /* LaunchScreen.storyboard */ = {
			isa = PBXVariantGroup;
			children = (
				04093C3F2554FDDB000822E3 /* Base */,
			);
			name = LaunchScreen.storyboard;
			sourceTree = "<group>";
		};
/* End PBXVariantGroup section */

/* Begin XCBuildConfiguration section */
		04093C4D2554FDDB000822E3 /* Debug */ = {
			isa = XCBuildConfiguration;
			buildSettings = {
				ALWAYS_SEARCH_USER_PATHS = NO;
				CLANG_ANALYZER_NONNULL = YES;
				CLANG_ANALYZER_NUMBER_OBJECT_CONVERSION = YES_AGGRESSIVE;
				CLANG_CXX_LANGUAGE_STANDARD = "gnu++14";
				CLANG_CXX_LIBRARY = "libc++";
				CLANG_ENABLE_MODULES = YES;
				CLANG_ENABLE_OBJC_ARC = YES;
				CLANG_ENABLE_OBJC_WEAK = YES;
				CLANG_WARN_BLOCK_CAPTURE_AUTORELEASING = YES;
				CLANG_WARN_BOOL_CONVERSION = YES;
				CLANG_WARN_COMMA = YES;
				CLANG_WARN_CONSTANT_CONVERSION = YES;
				CLANG_WARN_DEPRECATED_OBJC_IMPLEMENTATIONS = YES;
				CLANG_WARN_DIRECT_OBJC_ISA_USAGE = YES_ERROR;
				CLANG_WARN_DOCUMENTATION_COMMENTS = YES;
				CLANG_WARN_EMPTY_BODY = YES;
				CLANG_WARN_ENUM_CONVERSION = YES;
				CLANG_WARN_INFINITE_RECURSION = YES;
				CLANG_WARN_INT_CONVERSION = YES;
				CLANG_WARN_NON_LITERAL_NULL_CONVERSION = YES;
				CLANG_WARN_OBJC_IMPLICIT_RETAIN_SELF = YES;
				CLANG_WARN_OBJC_LITERAL_CONVERSION = YES;
				CLANG_WARN_OBJC_ROOT_CLASS = YES_ERROR;
				CLANG_WARN_RANGE_LOOP_ANALYSIS = YES;
				CLANG_WARN_STRICT_PROTOTYPES = YES;
				CLANG_WARN_SUSPICIOUS_MOVE = YES;
				CLANG_WARN_UNGUARDED_AVAILABILITY = YES_AGGRESSIVE;
				CLANG_WARN_UNREACHABLE_CODE = YES;
				CLANG_WARN__DUPLICATE_METHOD_MATCH = YES;
				COPY_PHASE_STRIP = NO;
				DEBUG_INFORMATION_FORMAT = dwarf;
				ENABLE_STRICT_OBJC_MSGSEND = YES;
				ENABLE_TESTABILITY = YES;
				GCC_C_LANGUAGE_STANDARD = gnu11;
				GCC_DYNAMIC_NO_PIC = NO;
				GCC_NO_COMMON_BLOCKS = YES;
				GCC_OPTIMIZATION_LEVEL = 0;
				GCC_PREPROCESSOR_DEFINITIONS = (
					"DEBUG=1",
					"$(inherited)",
				);
				GCC_WARN_64_TO_32_BIT_CONVERSION = YES;
				GCC_WARN_ABOUT_RETURN_TYPE = YES_ERROR;
				GCC_WARN_UNDECLARED_SELECTOR = YES;
				GCC_WARN_UNINITIALIZED_AUTOS = YES_AGGRESSIVE;
				GCC_WARN_UNUSED_FUNCTION = YES;
				GCC_WARN_UNUSED_VARIABLE = YES;
				IPHONEOS_DEPLOYMENT_TARGET = 12.0;
				MTL_ENABLE_DEBUG_INFO = INCLUDE_SOURCE;
				MTL_FAST_MATH = YES;
				ONLY_ACTIVE_ARCH = YES;
				SDKROOT = iphoneos;
				SWIFT_ACTIVE_COMPILATION_CONDITIONS = DEBUG;
				SWIFT_OPTIMIZATION_LEVEL = "-Onone";
			};
			name = Debug;
		};
		04093C4E2554FDDB000822E3 /* Release */ = {
			isa = XCBuildConfiguration;
			buildSettings = {
				ALWAYS_SEARCH_USER_PATHS = NO;
				CLANG_ANALYZER_NONNULL = YES;
				CLANG_ANALYZER_NUMBER_OBJECT_CONVERSION = YES_AGGRESSIVE;
				CLANG_CXX_LANGUAGE_STANDARD = "gnu++14";
				CLANG_CXX_LIBRARY = "libc++";
				CLANG_ENABLE_MODULES = YES;
				CLANG_ENABLE_OBJC_ARC = YES;
				CLANG_ENABLE_OBJC_WEAK = YES;
				CLANG_WARN_BLOCK_CAPTURE_AUTORELEASING = YES;
				CLANG_WARN_BOOL_CONVERSION = YES;
				CLANG_WARN_COMMA = YES;
				CLANG_WARN_CONSTANT_CONVERSION = YES;
				CLANG_WARN_DEPRECATED_OBJC_IMPLEMENTATIONS = YES;
				CLANG_WARN_DIRECT_OBJC_ISA_USAGE = YES_ERROR;
				CLANG_WARN_DOCUMENTATION_COMMENTS = YES;
				CLANG_WARN_EMPTY_BODY = YES;
				CLANG_WARN_ENUM_CONVERSION = YES;
				CLANG_WARN_INFINITE_RECURSION = YES;
				CLANG_WARN_INT_CONVERSION = YES;
				CLANG_WARN_NON_LITERAL_NULL_CONVERSION = YES;
				CLANG_WARN_OBJC_IMPLICIT_RETAIN_SELF = YES;
				CLANG_WARN_OBJC_LITERAL_CONVERSION = YES;
				CLANG_WARN_OBJC_ROOT_CLASS = YES_ERROR;
				CLANG_WARN_RANGE_LOOP_ANALYSIS = YES;
				CLANG_WARN_STRICT_PROTOTYPES = YES;
				CLANG_WARN_SUSPICIOUS_MOVE = YES;
				CLANG_WARN_UNGUARDED_AVAILABILITY = YES_AGGRESSIVE;
				CLANG_WARN_UNREACHABLE_CODE = YES;
				CLANG_WARN__DUPLICATE_METHOD_MATCH = YES;
				COPY_PHASE_STRIP = NO;
				DEBUG_INFORMATION_FORMAT = "dwarf-with-dsym";
				ENABLE_NS_ASSERTIONS = NO;
				ENABLE_STRICT_OBJC_MSGSEND = YES;
				GCC_C_LANGUAGE_STANDARD = gnu11;
				GCC_NO_COMMON_BLOCKS = YES;
				GCC_WARN_64_TO_32_BIT_CONVERSION = YES;
				GCC_WARN_ABOUT_RETURN_TYPE = YES_ERROR;
				GCC_WARN_UNDECLARED_SELECTOR = YES;
				GCC_WARN_UNINITIALIZED_AUTOS = YES_AGGRESSIVE;
				GCC_WARN_UNUSED_FUNCTION = YES;
				GCC_WARN_UNUSED_VARIABLE = YES;
				IPHONEOS_DEPLOYMENT_TARGET = 12.0;
				MTL_ENABLE_DEBUG_INFO = NO;
				MTL_FAST_MATH = YES;
				SDKROOT = iphoneos;
				SWIFT_COMPILATION_MODE = wholemodule;
				SWIFT_OPTIMIZATION_LEVEL = "-O";
				VALIDATE_PRODUCT = YES;
			};
			name = Release;
		};
		04093C502554FDDB000822E3 /* Debug */ = {
			isa = XCBuildConfiguration;
			baseConfigurationReference = 682C69E21DCD58552E872A36 /* Pods-InTime.debug.xcconfig */;
			buildSettings = {
				ASSETCATALOG_COMPILER_APPICON_NAME = AppIcon;
				CODE_SIGN_STYLE = Automatic;
				DEVELOPMENT_TEAM = TRSVM7473T;
				INFOPLIST_FILE = InTime/Info.plist;
				LD_RUNPATH_SEARCH_PATHS = (
					"$(inherited)",
					"@executable_path/Frameworks",
				);
				PRODUCT_BUNDLE_IDENTIFIER = com.MH.InTime;
				PRODUCT_NAME = "$(TARGET_NAME)";
				SWIFT_VERSION = 5.0;
				TARGETED_DEVICE_FAMILY = "1,2";
			};
			name = Debug;
		};
		04093C512554FDDB000822E3 /* Release */ = {
			isa = XCBuildConfiguration;
			baseConfigurationReference = 3F8E3E010272193390AAA4FC /* Pods-InTime.release.xcconfig */;
			buildSettings = {
				ASSETCATALOG_COMPILER_APPICON_NAME = AppIcon;
				CODE_SIGN_STYLE = Automatic;
				DEVELOPMENT_TEAM = TRSVM7473T;
				INFOPLIST_FILE = InTime/Info.plist;
				LD_RUNPATH_SEARCH_PATHS = (
					"$(inherited)",
					"@executable_path/Frameworks",
				);
				PRODUCT_BUNDLE_IDENTIFIER = com.MH.InTime;
				PRODUCT_NAME = "$(TARGET_NAME)";
				SWIFT_VERSION = 5.0;
				TARGETED_DEVICE_FAMILY = "1,2";
			};
			name = Release;
		};
		04093C532554FDDB000822E3 /* Debug */ = {
			isa = XCBuildConfiguration;
			baseConfigurationReference = 72DB27520113A9CC602D1CAF /* Pods-InTimeTests.debug.xcconfig */;
			buildSettings = {
				ALWAYS_EMBED_SWIFT_STANDARD_LIBRARIES = YES;
				BUNDLE_LOADER = "$(TEST_HOST)";
				CODE_SIGN_STYLE = Automatic;
				DEVELOPMENT_TEAM = TRSVM7473T;
				INFOPLIST_FILE = InTimeTests/Info.plist;
				IPHONEOS_DEPLOYMENT_TARGET = 13.2;
				LD_RUNPATH_SEARCH_PATHS = (
					"$(inherited)",
					"@executable_path/Frameworks",
					"@loader_path/Frameworks",
				);
				PRODUCT_BUNDLE_IDENTIFIER = com.MCC.InTimeTests;
				PRODUCT_NAME = "$(TARGET_NAME)";
				SWIFT_VERSION = 5.0;
				TARGETED_DEVICE_FAMILY = "1,2";
				TEST_HOST = "$(BUILT_PRODUCTS_DIR)/InTime.app/InTime";
			};
			name = Debug;
		};
		04093C542554FDDB000822E3 /* Release */ = {
			isa = XCBuildConfiguration;
			baseConfigurationReference = ABEC78FC7637710AFB497A22 /* Pods-InTimeTests.release.xcconfig */;
			buildSettings = {
				ALWAYS_EMBED_SWIFT_STANDARD_LIBRARIES = YES;
				BUNDLE_LOADER = "$(TEST_HOST)";
				CODE_SIGN_STYLE = Automatic;
				DEVELOPMENT_TEAM = TRSVM7473T;
				INFOPLIST_FILE = InTimeTests/Info.plist;
				IPHONEOS_DEPLOYMENT_TARGET = 13.2;
				LD_RUNPATH_SEARCH_PATHS = (
					"$(inherited)",
					"@executable_path/Frameworks",
					"@loader_path/Frameworks",
				);
				PRODUCT_BUNDLE_IDENTIFIER = com.MCC.InTimeTests;
				PRODUCT_NAME = "$(TARGET_NAME)";
				SWIFT_VERSION = 5.0;
				TARGETED_DEVICE_FAMILY = "1,2";
				TEST_HOST = "$(BUILT_PRODUCTS_DIR)/InTime.app/InTime";
			};
			name = Release;
		};
/* End XCBuildConfiguration section */

/* Begin XCConfigurationList section */
		04093C2B2554FDD8000822E3 /* Build configuration list for PBXProject "InTime" */ = {
			isa = XCConfigurationList;
			buildConfigurations = (
				04093C4D2554FDDB000822E3 /* Debug */,
				04093C4E2554FDDB000822E3 /* Release */,
			);
			defaultConfigurationIsVisible = 0;
			defaultConfigurationName = Release;
		};
		04093C4F2554FDDB000822E3 /* Build configuration list for PBXNativeTarget "InTime" */ = {
			isa = XCConfigurationList;
			buildConfigurations = (
				04093C502554FDDB000822E3 /* Debug */,
				04093C512554FDDB000822E3 /* Release */,
			);
			defaultConfigurationIsVisible = 0;
			defaultConfigurationName = Release;
		};
		04093C522554FDDB000822E3 /* Build configuration list for PBXNativeTarget "InTimeTests" */ = {
			isa = XCConfigurationList;
			buildConfigurations = (
				04093C532554FDDB000822E3 /* Debug */,
				04093C542554FDDB000822E3 /* Release */,
			);
			defaultConfigurationIsVisible = 0;
			defaultConfigurationName = Release;
		};
/* End XCConfigurationList section */
	};
	rootObject = 04093C282554FDD8000822E3 /* Project object */;
}
